
Microsoft Visual Studio Solution File, Format Version 12.00
# Visual Studio Version 17
VisualStudioVersion = 17.8.34309.116
MinimumVisualStudioVersion = 10.0.40219.1
Project("{8BC9CEB8-8B4A-11D0-8D11-00A0C91BC942}") = "var7", "var7\var7.vcxproj", "{CEA999DE-10C9-46D1-BE95-B3519539D8B4}"
EndProject
Project("{8BC9CEB8-8B4A-11D0-8D11-00A0C91BC942}") = "dop2", "dop2\dop2.vcxproj", "{022078C0-D1A6-40FC-9576-C40393F07A22}"
EndProject
Project("{8BC9CEB8-8B4A-11D0-8D11-00A0C91BC942}") = "dop1", "dop1\dop1.vcxproj", "{3C2B6C5B-66E8-42A4-AEDB-A9A7BB101E72}"
EndProject
Project("{8BC9CEB8-8B4A-11D0-8D11-00A0C91BC942}") = "var6", "var6\var6.vcxproj", "{EA9A10CC-17F5-4228-ABAD-345C53DE6AA9}"
EndProject
Global
	GlobalSection(SolutionConfigurationPlatforms) = preSolution
		Debug|x64 = Debug|x64
		Debug|x86 = Debug|x86
		Release|x64 = Release|x64
		Release|x86 = Release|x86
	EndGlobalSection
	GlobalSection(ProjectConfigurationPlatforms) = postSolution
		{CEA999DE-10C9-46D1-BE95-B3519539D8B4}.Debug|x64.ActiveCfg = Debug|x64
		{CEA999DE-10C9-46D1-BE95-B3519539D8B4}.Debug|x64.Build.0 = Debug|x64
		{CEA999DE-10C9-46D1-BE95-B3519539D8B4}.Debug|x86.ActiveCfg = Debug|Win32
		{CEA999DE-10C9-46D1-BE95-B3519539D8B4}.Debug|x86.Build.0 = Debug|Win32
		{CEA999DE-10C9-46D1-BE95-B3519539D8B4}.Release|x64.ActiveCfg = Release|x64
		{CEA999DE-10C9-46D1-BE95-B3519539D8B4}.Release|x64.Build.0 = Release|x64
		{CEA999DE-10C9-46D1-BE95-B3519539D8B4}.Release|x86.ActiveCfg = Release|Win32
		{CEA999DE-10C9-46D1-BE95-B3519539D8B4}.Release|x86.Build.0 = Release|Win32
		{022078C0-D1A6-40FC-9576-C40393F07A22}.Debug|x64.ActiveCfg = Debug|x64
		{022078C0-D1A6-40FC-9576-C40393F07A22}.Debug|x64.Build.0 = Debug|x64
		{022078C0-D1A6-40FC-9576-C40393F07A22}.Debug|x86.ActiveCfg = Debug|Win32
		{022078C0-D1A6-40FC-9576-C40393F07A22}.Debug|x86.Build.0 = Debug|Win32
		{022078C0-D1A6-40FC-9576-C40393F07A22}.Release|x64.ActiveCfg = Release|x64
		{022078C0-D1A6-40FC-9576-C40393F07A22}.Release|x64.Build.0 = Release|x64
		{022078C0-D1A6-40FC-9576-C40393F07A22}.Release|x86.ActiveCfg = Release|Win32
		{022078C0-D1A6-40FC-9576-C40393F07A22}.Release|x86.Build.0 = Release|Win32
		{3C2B6C5B-66E8-42A4-AEDB-A9A7BB101E72}.Debug|x64.ActiveCfg = Debug|x64
		{3C2B6C5B-66E8-42A4-AEDB-A9A7BB101E72}.Debug|x64.Build.0 = Debug|x64
		{3C2B6C5B-66E8-42A4-AEDB-A9A7BB101E72}.Debug|x86.ActiveCfg = Debug|Win32
		{3C2B6C5B-66E8-42A4-AEDB-A9A7BB101E72}.Debug|x86.Build.0 = Debug|Win32
		{3C2B6C5B-66E8-42A4-AEDB-A9A7BB101E72}.Release|x64.ActiveCfg = Release|x64
		{3C2B6C5B-66E8-42A4-AEDB-A9A7BB101E72}.Release|x64.Build.0 = Release|x64
		{3C2B6C5B-66E8-42A4-AEDB-A9A7BB101E72}.Release|x86.ActiveCfg = Release|Win32
		{3C2B6C5B-66E8-42A4-AEDB-A9A7BB101E72}.Release|x86.Build.0 = Release|Win32
		{EA9A10CC-17F5-4228-ABAD-345C53DE6AA9}.Debug|x64.ActiveCfg = Debug|x64
		{EA9A10CC-17F5-4228-ABAD-345C53DE6AA9}.Debug|x64.Build.0 = Debug|x64
		{EA9A10CC-17F5-4228-ABAD-345C53DE6AA9}.Debug|x86.ActiveCfg = Debug|Win32
		{EA9A10CC-17F5-4228-ABAD-345C53DE6AA9}.Debug|x86.Build.0 = Debug|Win32
		{EA9A10CC-17F5-4228-ABAD-345C53DE6AA9}.Release|x64.ActiveCfg = Release|x64
		{EA9A10CC-17F5-4228-ABAD-345C53DE6AA9}.Release|x64.Build.0 = Release|x64
		{EA9A10CC-17F5-4228-ABAD-345C53DE6AA9}.Release|x86.ActiveCfg = Release|Win32
		{EA9A10CC-17F5-4228-ABAD-345C53DE6AA9}.Release|x86.Build.0 = Release|Win32
	EndGlobalSection
	GlobalSection(SolutionProperties) = preSolution
		HideSolutionNode = FALSE
	EndGlobalSection
	GlobalSection(ExtensibilityGlobals) = postSolution
		SolutionGuid = {48E4CE6A-911D-40C2-8F90-3A045556D8D8}
	EndGlobalSection
EndGlobal
